{
  "version": 4,
  "terraform_version": "1.9.5",
  "serial": 113,
  "lineage": "96a32884-2217-9b7e-0135-f70b9d3f0124",
  "outputs": {
    "ansible_inventory_path": {
      "value": "./../../../ansible/inventory/rke2.ini",
      "type": "string"
    },
    "control_plane_nodes": {
      "value": {
        "control-0": {
          "cpu": 2,
          "datastore": null,
          "disk_gb": 50,
          "id": 200,
          "ip": "192.168.1.101",
          "memory_gb": 4,
          "name": "control-0",
          "network": "static",
          "ssh_keys": [
            "ssh-ed25519 AAAAC3NzaC1lZDI1NTE5AAAAIO3sOFB9wGEcOgNO5BfxF35Sh+EAOxWTZjx//DK4XHAx jon@blocknative.com"
          ]
        },
        "control-1": {
          "cpu": 2,
          "datastore": null,
          "disk_gb": 50,
          "id": 201,
          "ip": "192.168.1.102",
          "memory_gb": 4,
          "name": "control-1",
          "network": "static",
          "ssh_keys": [
            "ssh-ed25519 AAAAC3NzaC1lZDI1NTE5AAAAIO3sOFB9wGEcOgNO5BfxF35Sh+EAOxWTZjx//DK4XHAx jon@blocknative.com"
          ]
        },
        "control-2": {
          "cpu": 2,
          "datastore": null,
          "disk_gb": 50,
          "id": 202,
          "ip": "192.168.1.103",
          "memory_gb": 4,
          "name": "control-2",
          "network": "static",
          "ssh_keys": [
            "ssh-ed25519 AAAAC3NzaC1lZDI1NTE5AAAAIO3sOFB9wGEcOgNO5BfxF35Sh+EAOxWTZjx//DK4XHAx jon@blocknative.com"
          ]
        }
      },
      "type": [
        "object",
        {
          "control-0": [
            "object",
            {
              "cpu": "number",
              "datastore": "string",
              "disk_gb": "number",
              "id": "number",
              "ip": "string",
              "memory_gb": "number",
              "name": "string",
              "network": "string",
              "ssh_keys": [
                "list",
                "string"
              ]
            }
          ],
          "control-1": [
            "object",
            {
              "cpu": "number",
              "datastore": "string",
              "disk_gb": "number",
              "id": "number",
              "ip": "string",
              "memory_gb": "number",
              "name": "string",
              "network": "string",
              "ssh_keys": [
                "list",
                "string"
              ]
            }
          ],
          "control-2": [
            "object",
            {
              "cpu": "number",
              "datastore": "string",
              "disk_gb": "number",
              "id": "number",
              "ip": "string",
              "memory_gb": "number",
              "name": "string",
              "network": "string",
              "ssh_keys": [
                "list",
                "string"
              ]
            }
          ]
        }
      ]
    },
    "control_plane_ssh": {
      "value": {
        "control-0": "ssh ubuntu@192.168.1.101",
        "control-1": "ssh ubuntu@192.168.1.102",
        "control-2": "ssh ubuntu@192.168.1.103"
      },
      "type": [
        "object",
        {
          "control-0": "string",
          "control-1": "string",
          "control-2": "string"
        }
      ]
    },
    "k8s_api_endpoint": {
      "value": "https://192.168.1.101:6443",
      "type": "string"
    },
    "k8s_network_summary": {
      "value": {
        "dhcp_ips": {
          "worker-3": "DHCP",
          "worker-4": "DHCP"
        },
        "dns_servers": [
          "8.8.8.8",
          "8.8.4.4"
        ],
        "gateway": "192.168.1.254",
        "static_ips": {
          "control-0": "192.168.1.101",
          "control-1": "192.168.1.102",
          "control-2": "192.168.1.103",
          "worker-0": "192.168.1.220",
          "worker-1": "192.168.1.221",
          "worker-2": "192.168.1.222"
        },
        "subnet_mask": "24"
      },
      "type": [
        "object",
        {
          "dhcp_ips": [
            "object",
            {
              "worker-3": "string",
              "worker-4": "string"
            }
          ],
          "dns_servers": [
            "list",
            "string"
          ],
          "gateway": "string",
          "static_ips": [
            "object",
            {
              "control-0": "string",
              "control-1": "string",
              "control-2": "string",
              "worker-0": "string",
              "worker-1": "string",
              "worker-2": "string"
            }
          ],
          "subnet_mask": "string"
        }
      ]
    },
    "k8s_resource_summary": {
      "value": {
        "control_planes": 3,
        "total_cpu": 86,
        "total_disk_gb": 1150,
        "total_memory_gb": 172,
        "total_vms": 8,
        "workers": 5
      },
      "type": [
        "object",
        {
          "control_planes": "number",
          "total_cpu": "number",
          "total_disk_gb": "number",
          "total_memory_gb": "number",
          "total_vms": "number",
          "workers": "number"
        }
      ]
    },
    "kubectl_config_command": {
      "value": "scp ubuntu@192.168.1.101:/etc/rancher/rke2/rke2.yaml ~/.kube/config \u0026\u0026 sed -i '' 's/127.0.0.1/192.168.1.101/g' ~/.kube/config",
      "type": "string"
    },
    "proxmox_template_info": {
      "value": {
        "template_id": 100,
        "template_name": "ubuntu-cloud-22.04"
      },
      "type": [
        "object",
        {
          "template_id": "number",
          "template_name": "string"
        }
      ]
    },
    "worker_nodes": {
      "value": {
        "worker-0": {
          "cpu": 16,
          "datastore": null,
          "disk_gb": 200,
          "id": 300,
          "ip": "192.168.1.220",
          "memory_gb": 32,
          "name": "worker-0",
          "network": "static",
          "ssh_keys": [
            "ssh-ed25519 AAAAC3NzaC1lZDI1NTE5AAAAIO3sOFB9wGEcOgNO5BfxF35Sh+EAOxWTZjx//DK4XHAx jon@blocknative.com"
          ]
        },
        "worker-1": {
          "cpu": 16,
          "datastore": null,
          "disk_gb": 200,
          "id": 301,
          "ip": "192.168.1.221",
          "memory_gb": 32,
          "name": "worker-1",
          "network": "static",
          "ssh_keys": [
            "ssh-ed25519 AAAAC3NzaC1lZDI1NTE5AAAAIO3sOFB9wGEcOgNO5BfxF35Sh+EAOxWTZjx//DK4XHAx jon@blocknative.com"
          ]
        },
        "worker-2": {
          "cpu": 16,
          "datastore": null,
          "disk_gb": 200,
          "id": 302,
          "ip": "192.168.1.222",
          "memory_gb": 32,
          "name": "worker-2",
          "network": "static",
          "ssh_keys": [
            "ssh-ed25519 AAAAC3NzaC1lZDI1NTE5AAAAIO3sOFB9wGEcOgNO5BfxF35Sh+EAOxWTZjx//DK4XHAx jon@blocknative.com"
          ]
        },
        "worker-3": {
          "cpu": 16,
          "datastore": null,
          "disk_gb": 200,
          "id": 303,
          "ip": "DHCP",
          "memory_gb": 32,
          "name": "worker-3",
          "network": "dhcp",
          "ssh_keys": [
            "ssh-ed25519 AAAAC3NzaC1lZDI1NTE5AAAAIO3sOFB9wGEcOgNO5BfxF35Sh+EAOxWTZjx//DK4XHAx jon@blocknative.com"
          ]
        },
        "worker-4": {
          "cpu": 16,
          "datastore": null,
          "disk_gb": 200,
          "id": 304,
          "ip": "DHCP",
          "memory_gb": 32,
          "name": "worker-4",
          "network": "dhcp",
          "ssh_keys": [
            "ssh-ed25519 AAAAC3NzaC1lZDI1NTE5AAAAIO3sOFB9wGEcOgNO5BfxF35Sh+EAOxWTZjx//DK4XHAx jon@blocknative.com"
          ]
        }
      },
      "type": [
        "object",
        {
          "worker-0": [
            "object",
            {
              "cpu": "number",
              "datastore": "string",
              "disk_gb": "number",
              "id": "number",
              "ip": "string",
              "memory_gb": "number",
              "name": "string",
              "network": "string",
              "ssh_keys": [
                "list",
                "string"
              ]
            }
          ],
          "worker-1": [
            "object",
            {
              "cpu": "number",
              "datastore": "string",
              "disk_gb": "number",
              "id": "number",
              "ip": "string",
              "memory_gb": "number",
              "name": "string",
              "network": "string",
              "ssh_keys": [
                "list",
                "string"
              ]
            }
          ],
          "worker-2": [
            "object",
            {
              "cpu": "number",
              "datastore": "string",
              "disk_gb": "number",
              "id": "number",
              "ip": "string",
              "memory_gb": "number",
              "name": "string",
              "network": "string",
              "ssh_keys": [
                "list",
                "string"
              ]
            }
          ],
          "worker-3": [
            "object",
            {
              "cpu": "number",
              "datastore": "string",
              "disk_gb": "number",
              "id": "number",
              "ip": "string",
              "memory_gb": "number",
              "name": "string",
              "network": "string",
              "ssh_keys": [
                "list",
                "string"
              ]
            }
          ],
          "worker-4": [
            "object",
            {
              "cpu": "number",
              "datastore": "string",
              "disk_gb": "number",
              "id": "number",
              "ip": "string",
              "memory_gb": "number",
              "name": "string",
              "network": "string",
              "ssh_keys": [
                "list",
                "string"
              ]
            }
          ]
        }
      ]
    },
    "worker_ssh": {
      "value": {
        "worker-0": "ssh ubuntu@192.168.1.220",
        "worker-1": "ssh ubuntu@192.168.1.221",
        "worker-2": "ssh ubuntu@192.168.1.222"
      },
      "type": [
        "object",
        {
          "worker-0": "string",
          "worker-1": "string",
          "worker-2": "string"
        }
      ]
    }
  },
  "resources": [
    {
      "module": "module.k8s_cluster",
      "mode": "data",
      "type": "proxmox_virtual_environment_vms",
      "name": "all_vms",
      "provider": "module.k8s_cluster.provider[\"registry.terraform.io/bpg/proxmox\"]",
      "instances": [
        {
          "schema_version": 0,
          "attributes": {
            "filter": null,
            "id": "36fc09f5-378b-45b3-938d-640a62f8daea",
            "node_name": "pve",
            "tags": null,
            "vms": [
              {
                "name": "ubuntu-cloud-22.04",
                "node_name": "pve",
                "status": "stopped",
                "tags": [],
                "template": true,
                "vm_id": 100
              },
              {
                "name": "control-0",
                "node_name": "pve",
                "status": "running",
                "tags": [],
                "template": false,
                "vm_id": 200
              },
              {
                "name": "control-1",
                "node_name": "pve",
                "status": "running",
                "tags": [],
                "template": false,
                "vm_id": 201
              },
              {
                "name": "control-2",
                "node_name": "pve",
                "status": "running",
                "tags": [],
                "template": false,
                "vm_id": 202
              },
              {
                "name": "worker-0",
                "node_name": "pve",
                "status": "running",
                "tags": [],
                "template": false,
                "vm_id": 300
              },
              {
                "name": "worker-1",
                "node_name": "pve",
                "status": "running",
                "tags": [],
                "template": false,
                "vm_id": 301
              },
              {
                "name": "worker-2",
                "node_name": "pve",
                "status": "running",
                "tags": [],
                "template": false,
                "vm_id": 302
              },
              {
                "name": "worker-3",
                "node_name": "pve",
                "status": "running",
                "tags": [],
                "template": false,
                "vm_id": 303
              },
              {
                "name": "worker-4",
                "node_name": "pve",
                "status": "running",
                "tags": [],
                "template": false,
                "vm_id": 304
              }
            ]
          },
          "sensitive_attributes": []
        }
      ]
    },
    {
      "module": "module.k8s_cluster",
      "mode": "data",
      "type": "proxmox_virtual_environment_vms",
      "name": "templates",
      "provider": "module.k8s_cluster.provider[\"registry.terraform.io/bpg/proxmox\"]",
      "instances": [
        {
          "schema_version": 0,
          "attributes": {
            "filter": null,
            "id": "3ea7a671-dd5d-4233-bb99-430d145045bc",
            "node_name": "pve",
            "tags": null,
            "vms": [
              {
                "name": "ubuntu-cloud-22.04",
                "node_name": "pve",
                "status": "stopped",
                "tags": [],
                "template": true,
                "vm_id": 100
              },
              {
                "name": "control-0",
                "node_name": "pve",
                "status": "running",
                "tags": [],
                "template": false,
                "vm_id": 200
              },
              {
                "name": "control-1",
                "node_name": "pve",
                "status": "running",
                "tags": [],
                "template": false,
                "vm_id": 201
              },
              {
                "name": "control-2",
                "node_name": "pve",
                "status": "running",
                "tags": [],
                "template": false,
                "vm_id": 202
              },
              {
                "name": "worker-0",
                "node_name": "pve",
                "status": "running",
                "tags": [],
                "template": false,
                "vm_id": 300
              },
              {
                "name": "worker-1",
                "node_name": "pve",
                "status": "running",
                "tags": [],
                "template": false,
                "vm_id": 301
              },
              {
                "name": "worker-2",
                "node_name": "pve",
                "status": "running",
                "tags": [],
                "template": false,
                "vm_id": 302
              },
              {
                "name": "worker-3",
                "node_name": "pve",
                "status": "running",
                "tags": [],
                "template": false,
                "vm_id": 303
              },
              {
                "name": "worker-4",
                "node_name": "pve",
                "status": "running",
                "tags": [],
                "template": false,
                "vm_id": 304
              }
            ]
          },
          "sensitive_attributes": []
        }
      ]
    },
    {
      "module": "module.k8s_cluster",
      "mode": "managed",
      "type": "local_file",
      "name": "ansible_inventory",
      "provider": "provider[\"registry.terraform.io/hashicorp/local\"]",
      "instances": [
        {
          "index_key": 0,
          "schema_version": 0,
          "attributes": {
            "content": "[masters]\ncontrol-0 ansible_host=192.168.1.101 ansible_user=ubuntu\ncontrol-1 ansible_host=192.168.1.102 ansible_user=ubuntu\ncontrol-2 ansible_host=192.168.1.103 ansible_user=ubuntu\n\n[workers]\nworker-0 ansible_host=192.168.1.220 ansible_user=ubuntu\nworker-1 ansible_host=192.168.1.221 ansible_user=ubuntu\nworker-2 ansible_host=192.168.1.222 ansible_user=ubuntu\n\n[k8s_cluster:children]\nmasters\nworkers\n\n[all:vars]\nansible_ssh_private_key_file=~/.ssh/id_ed25519\nansible_python_interpreter=/usr/bin/python3\nrke2_token=VHUUObGKojVnfILhs2cWHbLQ6zhaVMJ3cUe7qHZczApoMX0Qdyd3ZwAwCCaBmR3S",
            "content_base64": null,
            "content_base64sha256": "fNWTF0UyV7Gq6h/RDjUBvQV3B5LHHo5i8tNXPi7aWt8=",
            "content_base64sha512": "ZvzvGY1h737Dci1TEtcXc3GhAsS7Jjny5DfTqbzylBXdPFjzde64exXQIZTC+MKM4NUpuXlOcB17/ypB8cCzuw==",
            "content_md5": "110d4f2ed3b5172e750f6b7879f753e5",
            "content_sha1": "0985ba734d528135ff7f7d84ee2c3427bc7d1c4c",
            "content_sha256": "7cd59317453257b1aaea1fd10e3501bd05770792c71e8e62f2d3573e2eda5adf",
            "content_sha512": "66fcef198d61ef7ec3722d5312d7177371a102c4bb2639f2e437d3a9bcf29415dd3c58f375eeb87b15d02194c2f8c28ce0d529b9794e701d7bff2a41f1c0b3bb",
            "directory_permission": "0777",
            "file_permission": "0777",
            "filename": "./../../../ansible/inventory/rke2.ini",
            "id": "0985ba734d528135ff7f7d84ee2c3427bc7d1c4c",
            "sensitive_content": null,
            "source": null
          },
          "sensitive_attributes": [
            [
              {
                "type": "get_attr",
                "value": "sensitive_content"
              }
            ]
          ],
          "dependencies": [
            "module.k8s_cluster.data.proxmox_virtual_environment_vms.templates",
            "module.k8s_cluster.proxmox_virtual_environment_vm.vm",
            "module.k8s_cluster.random_string.rke2_token"
          ]
        }
      ]
    },
    {
      "module": "module.k8s_cluster",
      "mode": "managed",
      "type": "proxmox_virtual_environment_vm",
      "name": "vm",
      "provider": "module.k8s_cluster.provider[\"registry.terraform.io/bpg/proxmox\"]",
      "instances": [
        {
          "index_key": "control-0",
          "schema_version": 0,
          "attributes": {
            "acpi": true,
            "agent": [
              {
                "enabled": false,
                "timeout": "15m",
                "trim": false,
                "type": "virtio"
              }
            ],
            "audio_device": [],
            "bios": "seabios",
            "boot_order": null,
            "cdrom": [],
            "clone": [
              {
                "datastore_id": "",
                "full": true,
                "node_name": "",
                "retries": 3,
                "vm_id": 100
              }
            ],
            "cpu": [
              {
                "affinity": "",
                "architecture": "",
                "cores": 2,
                "flags": [],
                "hotplugged": 0,
                "limit": 0,
                "numa": false,
                "sockets": 1,
                "type": "qemu64",
                "units": 1024
              }
            ],
            "description": null,
            "disk": [
              {
                "aio": "io_uring",
                "backup": true,
                "cache": "none",
                "datastore_id": "ssd",
                "discard": "on",
                "file_format": "raw",
                "file_id": "",
                "interface": "scsi0",
                "iothread": false,
                "path_in_datastore": "vm-200-disk-2",
                "replicate": true,
                "serial": "",
                "size": 50,
                "speed": [],
                "ssd": false
              }
            ],
            "efi_disk": [],
            "hook_script_file_id": null,
            "hostpci": [],
            "id": "200",
            "initialization": [
              {
                "datastore_id": "local-lvm",
                "dns": [
                  {
                    "domain": "",
                    "servers": [
                      "8.8.8.8",
                      "8.8.4.4"
                    ]
                  }
                ],
                "interface": "ide2",
                "ip_config": [
                  {
                    "ipv4": [
                      {
                        "address": "192.168.1.101/24",
                        "gateway": "192.168.1.254"
                      }
                    ],
                    "ipv6": []
                  }
                ],
                "meta_data_file_id": "",
                "network_data_file_id": "",
                "type": "",
                "user_account": [
                  {
                    "keys": [
                      "ssh-ed25519 AAAAC3NzaC1lZDI1NTE5AAAAIO3sOFB9wGEcOgNO5BfxF35Sh+EAOxWTZjx//DK4XHAx jon@blocknative.com"
                    ],
                    "password": "**********",
                    "username": "ubuntu"
                  }
                ],
                "user_data_file_id": "",
                "vendor_data_file_id": "local:snippets/vendor-data.yaml"
              }
            ],
            "ipv4_addresses": [],
            "ipv6_addresses": [],
            "keyboard_layout": "en-us",
            "kvm_arguments": null,
            "mac_addresses": [
              "BC:24:11:94:79:8A"
            ],
            "machine": null,
            "memory": [
              {
                "dedicated": 4096,
                "floating": 0,
                "hugepages": "",
                "keep_hugepages": false,
                "shared": 0
              }
            ],
            "migrate": false,
            "name": "control-0",
            "network_device": [
              {
                "bridge": "vmbr0",
                "disconnected": false,
                "enabled": true,
                "firewall": false,
                "mac_address": "BC:24:11:94:79:8A",
                "model": "virtio",
                "mtu": 0,
                "queues": 0,
                "rate_limit": 0,
                "trunks": "",
                "vlan_id": 0
              }
            ],
            "network_interface_names": [],
            "node_name": "pve",
            "numa": [],
            "on_boot": true,
            "operating_system": [],
            "pool_id": "k8s",
            "protection": false,
            "reboot": false,
            "reboot_after_update": true,
            "rng": [],
            "scsi_hardware": "virtio-scsi-pci",
            "serial_device": [],
            "smbios": [],
            "started": true,
            "startup": [],
            "stop_on_destroy": false,
            "tablet_device": true,
            "tags": null,
            "template": false,
            "timeout_clone": 1800,
            "timeout_create": 1800,
            "timeout_migrate": 1800,
            "timeout_move_disk": 1800,
            "timeout_reboot": 1800,
            "timeout_shutdown_vm": 1800,
            "timeout_start_vm": 1800,
            "timeout_stop_vm": 300,
            "tpm_state": [],
            "usb": [],
            "vga": [],
            "virtiofs": [],
            "vm_id": 200,
            "watchdog": []
          },
          "sensitive_attributes": [
            [
              {
                "type": "get_attr",
                "value": "initialization"
              },
              {
                "type": "index",
                "value": {
                  "value": 0,
                  "type": "number"
                }
              },
              {
                "type": "get_attr",
                "value": "user_account"
              },
              {
                "type": "index",
                "value": {
                  "value": 0,
                  "type": "number"
                }
              },
              {
                "type": "get_attr",
                "value": "password"
              }
            ]
          ],
          "private": "bnVsbA==",
          "dependencies": [
            "module.k8s_cluster.data.proxmox_virtual_environment_vms.templates"
          ],
          "create_before_destroy": true
        },
        {
          "index_key": "control-1",
          "schema_version": 0,
          "attributes": {
            "acpi": true,
            "agent": [
              {
                "enabled": false,
                "timeout": "15m",
                "trim": false,
                "type": "virtio"
              }
            ],
            "audio_device": [],
            "bios": "seabios",
            "boot_order": null,
            "cdrom": [],
            "clone": [
              {
                "datastore_id": "",
                "full": true,
                "node_name": "",
                "retries": 3,
                "vm_id": 100
              }
            ],
            "cpu": [
              {
                "affinity": "",
                "architecture": "",
                "cores": 2,
                "flags": [],
                "hotplugged": 0,
                "limit": 0,
                "numa": false,
                "sockets": 1,
                "type": "qemu64",
                "units": 1024
              }
            ],
            "description": null,
            "disk": [
              {
                "aio": "io_uring",
                "backup": true,
                "cache": "none",
                "datastore_id": "ssd",
                "discard": "on",
                "file_format": "raw",
                "file_id": "",
                "interface": "scsi0",
                "iothread": false,
                "path_in_datastore": "vm-201-disk-2",
                "replicate": true,
                "serial": "",
                "size": 50,
                "speed": [],
                "ssd": false
              }
            ],
            "efi_disk": [],
            "hook_script_file_id": null,
            "hostpci": [],
            "id": "201",
            "initialization": [
              {
                "datastore_id": "local-lvm",
                "dns": [
                  {
                    "domain": "",
                    "servers": [
                      "8.8.8.8",
                      "8.8.4.4"
                    ]
                  }
                ],
                "interface": "ide2",
                "ip_config": [
                  {
                    "ipv4": [
                      {
                        "address": "192.168.1.102/24",
                        "gateway": "192.168.1.254"
                      }
                    ],
                    "ipv6": []
                  }
                ],
                "meta_data_file_id": "",
                "network_data_file_id": "",
                "type": "",
                "user_account": [
                  {
                    "keys": [
                      "ssh-ed25519 AAAAC3NzaC1lZDI1NTE5AAAAIO3sOFB9wGEcOgNO5BfxF35Sh+EAOxWTZjx//DK4XHAx jon@blocknative.com"
                    ],
                    "password": "**********",
                    "username": "ubuntu"
                  }
                ],
                "user_data_file_id": "",
                "vendor_data_file_id": "local:snippets/vendor-data.yaml"
              }
            ],
            "ipv4_addresses": [],
            "ipv6_addresses": [],
            "keyboard_layout": "en-us",
            "kvm_arguments": null,
            "mac_addresses": [
              "BC:24:11:65:FE:6D"
            ],
            "machine": null,
            "memory": [
              {
                "dedicated": 4096,
                "floating": 0,
                "hugepages": "",
                "keep_hugepages": false,
                "shared": 0
              }
            ],
            "migrate": false,
            "name": "control-1",
            "network_device": [
              {
                "bridge": "vmbr0",
                "disconnected": false,
                "enabled": true,
                "firewall": false,
                "mac_address": "BC:24:11:65:FE:6D",
                "model": "virtio",
                "mtu": 0,
                "queues": 0,
                "rate_limit": 0,
                "trunks": "",
                "vlan_id": 0
              }
            ],
            "network_interface_names": [],
            "node_name": "pve",
            "numa": [],
            "on_boot": true,
            "operating_system": [],
            "pool_id": "k8s",
            "protection": false,
            "reboot": false,
            "reboot_after_update": true,
            "rng": [],
            "scsi_hardware": "virtio-scsi-pci",
            "serial_device": [],
            "smbios": [],
            "started": true,
            "startup": [],
            "stop_on_destroy": false,
            "tablet_device": true,
            "tags": null,
            "template": false,
            "timeout_clone": 1800,
            "timeout_create": 1800,
            "timeout_migrate": 1800,
            "timeout_move_disk": 1800,
            "timeout_reboot": 1800,
            "timeout_shutdown_vm": 1800,
            "timeout_start_vm": 1800,
            "timeout_stop_vm": 300,
            "tpm_state": [],
            "usb": [],
            "vga": [],
            "virtiofs": [],
            "vm_id": 201,
            "watchdog": []
          },
          "sensitive_attributes": [
            [
              {
                "type": "get_attr",
                "value": "initialization"
              },
              {
                "type": "index",
                "value": {
                  "value": 0,
                  "type": "number"
                }
              },
              {
                "type": "get_attr",
                "value": "user_account"
              },
              {
                "type": "index",
                "value": {
                  "value": 0,
                  "type": "number"
                }
              },
              {
                "type": "get_attr",
                "value": "password"
              }
            ]
          ],
          "private": "bnVsbA==",
          "dependencies": [
            "module.k8s_cluster.data.proxmox_virtual_environment_vms.templates"
          ],
          "create_before_destroy": true
        },
        {
          "index_key": "control-2",
          "schema_version": 0,
          "attributes": {
            "acpi": true,
            "agent": [
              {
                "enabled": false,
                "timeout": "15m",
                "trim": false,
                "type": "virtio"
              }
            ],
            "audio_device": [],
            "bios": "seabios",
            "boot_order": null,
            "cdrom": [],
            "clone": [
              {
                "datastore_id": "",
                "full": true,
                "node_name": "",
                "retries": 3,
                "vm_id": 100
              }
            ],
            "cpu": [
              {
                "affinity": "",
                "architecture": "",
                "cores": 2,
                "flags": [],
                "hotplugged": 0,
                "limit": 0,
                "numa": false,
                "sockets": 1,
                "type": "qemu64",
                "units": 1024
              }
            ],
            "description": null,
            "disk": [
              {
                "aio": "io_uring",
                "backup": true,
                "cache": "none",
                "datastore_id": "ssd",
                "discard": "on",
                "file_format": "raw",
                "file_id": "",
                "interface": "scsi0",
                "iothread": false,
                "path_in_datastore": "vm-202-disk-2",
                "replicate": true,
                "serial": "",
                "size": 50,
                "speed": [],
                "ssd": false
              }
            ],
            "efi_disk": [],
            "hook_script_file_id": null,
            "hostpci": [],
            "id": "202",
            "initialization": [
              {
                "datastore_id": "local-lvm",
                "dns": [
                  {
                    "domain": "",
                    "servers": [
                      "8.8.8.8",
                      "8.8.4.4"
                    ]
                  }
                ],
                "interface": "ide2",
                "ip_config": [
                  {
                    "ipv4": [
                      {
                        "address": "192.168.1.103/24",
                        "gateway": "192.168.1.254"
                      }
                    ],
                    "ipv6": []
                  }
                ],
                "meta_data_file_id": "",
                "network_data_file_id": "",
                "type": "",
                "user_account": [
                  {
                    "keys": [
                      "ssh-ed25519 AAAAC3NzaC1lZDI1NTE5AAAAIO3sOFB9wGEcOgNO5BfxF35Sh+EAOxWTZjx//DK4XHAx jon@blocknative.com"
                    ],
                    "password": "**********",
                    "username": "ubuntu"
                  }
                ],
                "user_data_file_id": "",
                "vendor_data_file_id": "local:snippets/vendor-data.yaml"
              }
            ],
            "ipv4_addresses": [],
            "ipv6_addresses": [],
            "keyboard_layout": "en-us",
            "kvm_arguments": null,
            "mac_addresses": [
              "BC:24:11:FC:DE:89"
            ],
            "machine": null,
            "memory": [
              {
                "dedicated": 4096,
                "floating": 0,
                "hugepages": "",
                "keep_hugepages": false,
                "shared": 0
              }
            ],
            "migrate": false,
            "name": "control-2",
            "network_device": [
              {
                "bridge": "vmbr0",
                "disconnected": false,
                "enabled": true,
                "firewall": false,
                "mac_address": "BC:24:11:FC:DE:89",
                "model": "virtio",
                "mtu": 0,
                "queues": 0,
                "rate_limit": 0,
                "trunks": "",
                "vlan_id": 0
              }
            ],
            "network_interface_names": [],
            "node_name": "pve",
            "numa": [],
            "on_boot": true,
            "operating_system": [],
            "pool_id": "k8s",
            "protection": false,
            "reboot": false,
            "reboot_after_update": true,
            "rng": [],
            "scsi_hardware": "virtio-scsi-pci",
            "serial_device": [],
            "smbios": [],
            "started": true,
            "startup": [],
            "stop_on_destroy": false,
            "tablet_device": true,
            "tags": null,
            "template": false,
            "timeout_clone": 1800,
            "timeout_create": 1800,
            "timeout_migrate": 1800,
            "timeout_move_disk": 1800,
            "timeout_reboot": 1800,
            "timeout_shutdown_vm": 1800,
            "timeout_start_vm": 1800,
            "timeout_stop_vm": 300,
            "tpm_state": [],
            "usb": [],
            "vga": [],
            "virtiofs": [],
            "vm_id": 202,
            "watchdog": []
          },
          "sensitive_attributes": [
            [
              {
                "type": "get_attr",
                "value": "initialization"
              },
              {
                "type": "index",
                "value": {
                  "value": 0,
                  "type": "number"
                }
              },
              {
                "type": "get_attr",
                "value": "user_account"
              },
              {
                "type": "index",
                "value": {
                  "value": 0,
                  "type": "number"
                }
              },
              {
                "type": "get_attr",
                "value": "password"
              }
            ]
          ],
          "private": "bnVsbA==",
          "dependencies": [
            "module.k8s_cluster.data.proxmox_virtual_environment_vms.templates"
          ],
          "create_before_destroy": true
        },
        {
          "index_key": "worker-0",
          "schema_version": 0,
          "attributes": {
            "acpi": true,
            "agent": [
              {
                "enabled": false,
                "timeout": "15m",
                "trim": false,
                "type": "virtio"
              }
            ],
            "audio_device": [],
            "bios": "seabios",
            "boot_order": null,
            "cdrom": [],
            "clone": [
              {
                "datastore_id": "",
                "full": true,
                "node_name": "",
                "retries": 3,
                "vm_id": 100
              }
            ],
            "cpu": [
              {
                "affinity": "",
                "architecture": "",
                "cores": 16,
                "flags": [],
                "hotplugged": 0,
                "limit": 0,
                "numa": false,
                "sockets": 1,
                "type": "qemu64",
                "units": 1024
              }
            ],
            "description": null,
            "disk": [
              {
                "aio": "io_uring",
                "backup": true,
                "cache": "none",
                "datastore_id": "ssd",
                "discard": "on",
                "file_format": "raw",
                "file_id": "",
                "interface": "scsi0",
                "iothread": false,
                "path_in_datastore": "vm-300-disk-2",
                "replicate": true,
                "serial": "",
                "size": 200,
                "speed": [],
                "ssd": false
              }
            ],
            "efi_disk": [],
            "hook_script_file_id": null,
            "hostpci": [],
            "id": "300",
            "initialization": [
              {
                "datastore_id": "local-lvm",
                "dns": [
                  {
                    "domain": "",
                    "servers": [
                      "8.8.8.8",
                      "8.8.4.4"
                    ]
                  }
                ],
                "interface": "ide2",
                "ip_config": [
                  {
                    "ipv4": [
                      {
                        "address": "192.168.1.220/24",
                        "gateway": "192.168.1.254"
                      }
                    ],
                    "ipv6": []
                  }
                ],
                "meta_data_file_id": "",
                "network_data_file_id": "",
                "type": "",
                "user_account": [
                  {
                    "keys": [
                      "ssh-ed25519 AAAAC3NzaC1lZDI1NTE5AAAAIO3sOFB9wGEcOgNO5BfxF35Sh+EAOxWTZjx//DK4XHAx jon@blocknative.com"
                    ],
                    "password": "**********",
                    "username": "ubuntu"
                  }
                ],
                "user_data_file_id": "",
                "vendor_data_file_id": "local:snippets/vendor-data.yaml"
              }
            ],
            "ipv4_addresses": [],
            "ipv6_addresses": [],
            "keyboard_layout": "en-us",
            "kvm_arguments": null,
            "mac_addresses": [
              "BC:24:11:C5:E7:B2"
            ],
            "machine": null,
            "memory": [
              {
                "dedicated": 32768,
                "floating": 0,
                "hugepages": "",
                "keep_hugepages": false,
                "shared": 0
              }
            ],
            "migrate": false,
            "name": "worker-0",
            "network_device": [
              {
                "bridge": "vmbr0",
                "disconnected": false,
                "enabled": true,
                "firewall": false,
                "mac_address": "BC:24:11:C5:E7:B2",
                "model": "virtio",
                "mtu": 0,
                "queues": 0,
                "rate_limit": 0,
                "trunks": "",
                "vlan_id": 0
              }
            ],
            "network_interface_names": [],
            "node_name": "pve",
            "numa": [],
            "on_boot": true,
            "operating_system": [],
            "pool_id": "k8s",
            "protection": false,
            "reboot": false,
            "reboot_after_update": true,
            "rng": [],
            "scsi_hardware": "virtio-scsi-pci",
            "serial_device": [],
            "smbios": [],
            "started": true,
            "startup": [],
            "stop_on_destroy": false,
            "tablet_device": true,
            "tags": null,
            "template": false,
            "timeout_clone": 1800,
            "timeout_create": 1800,
            "timeout_migrate": 1800,
            "timeout_move_disk": 1800,
            "timeout_reboot": 1800,
            "timeout_shutdown_vm": 1800,
            "timeout_start_vm": 1800,
            "timeout_stop_vm": 300,
            "tpm_state": [],
            "usb": [],
            "vga": [],
            "virtiofs": [],
            "vm_id": 300,
            "watchdog": []
          },
          "sensitive_attributes": [
            [
              {
                "type": "get_attr",
                "value": "initialization"
              },
              {
                "type": "index",
                "value": {
                  "value": 0,
                  "type": "number"
                }
              },
              {
                "type": "get_attr",
                "value": "user_account"
              },
              {
                "type": "index",
                "value": {
                  "value": 0,
                  "type": "number"
                }
              },
              {
                "type": "get_attr",
                "value": "password"
              }
            ]
          ],
          "private": "bnVsbA==",
          "dependencies": [
            "module.k8s_cluster.data.proxmox_virtual_environment_vms.templates"
          ],
          "create_before_destroy": true
        },
        {
          "index_key": "worker-1",
          "schema_version": 0,
          "attributes": {
            "acpi": true,
            "agent": [
              {
                "enabled": false,
                "timeout": "15m",
                "trim": false,
                "type": "virtio"
              }
            ],
            "audio_device": [],
            "bios": "seabios",
            "boot_order": null,
            "cdrom": [],
            "clone": [
              {
                "datastore_id": "",
                "full": true,
                "node_name": "",
                "retries": 3,
                "vm_id": 100
              }
            ],
            "cpu": [
              {
                "affinity": "",
                "architecture": "",
                "cores": 16,
                "flags": [],
                "hotplugged": 0,
                "limit": 0,
                "numa": false,
                "sockets": 1,
                "type": "qemu64",
                "units": 1024
              }
            ],
            "description": null,
            "disk": [
              {
                "aio": "io_uring",
                "backup": true,
                "cache": "none",
                "datastore_id": "ssd",
                "discard": "on",
                "file_format": "raw",
                "file_id": "",
                "interface": "scsi0",
                "iothread": false,
                "path_in_datastore": "vm-301-disk-2",
                "replicate": true,
                "serial": "",
                "size": 200,
                "speed": [],
                "ssd": false
              }
            ],
            "efi_disk": [],
            "hook_script_file_id": null,
            "hostpci": [],
            "id": "301",
            "initialization": [
              {
                "datastore_id": "local-lvm",
                "dns": [
                  {
                    "domain": "",
                    "servers": [
                      "8.8.8.8",
                      "8.8.4.4"
                    ]
                  }
                ],
                "interface": "ide2",
                "ip_config": [
                  {
                    "ipv4": [
                      {
                        "address": "192.168.1.221/24",
                        "gateway": "192.168.1.254"
                      }
                    ],
                    "ipv6": []
                  }
                ],
                "meta_data_file_id": "",
                "network_data_file_id": "",
                "type": "",
                "user_account": [
                  {
                    "keys": [
                      "ssh-ed25519 AAAAC3NzaC1lZDI1NTE5AAAAIO3sOFB9wGEcOgNO5BfxF35Sh+EAOxWTZjx//DK4XHAx jon@blocknative.com"
                    ],
                    "password": "**********",
                    "username": "ubuntu"
                  }
                ],
                "user_data_file_id": "",
                "vendor_data_file_id": "local:snippets/vendor-data.yaml"
              }
            ],
            "ipv4_addresses": [],
            "ipv6_addresses": [],
            "keyboard_layout": "en-us",
            "kvm_arguments": null,
            "mac_addresses": [
              "BC:24:11:10:BA:29"
            ],
            "machine": null,
            "memory": [
              {
                "dedicated": 32768,
                "floating": 0,
                "hugepages": "",
                "keep_hugepages": false,
                "shared": 0
              }
            ],
            "migrate": false,
            "name": "worker-1",
            "network_device": [
              {
                "bridge": "vmbr0",
                "disconnected": false,
                "enabled": true,
                "firewall": false,
                "mac_address": "BC:24:11:10:BA:29",
                "model": "virtio",
                "mtu": 0,
                "queues": 0,
                "rate_limit": 0,
                "trunks": "",
                "vlan_id": 0
              }
            ],
            "network_interface_names": [],
            "node_name": "pve",
            "numa": [],
            "on_boot": true,
            "operating_system": [],
            "pool_id": "k8s",
            "protection": false,
            "reboot": false,
            "reboot_after_update": true,
            "rng": [],
            "scsi_hardware": "virtio-scsi-pci",
            "serial_device": [],
            "smbios": [],
            "started": true,
            "startup": [],
            "stop_on_destroy": false,
            "tablet_device": true,
            "tags": null,
            "template": false,
            "timeout_clone": 1800,
            "timeout_create": 1800,
            "timeout_migrate": 1800,
            "timeout_move_disk": 1800,
            "timeout_reboot": 1800,
            "timeout_shutdown_vm": 1800,
            "timeout_start_vm": 1800,
            "timeout_stop_vm": 300,
            "tpm_state": [],
            "usb": [],
            "vga": [],
            "virtiofs": [],
            "vm_id": 301,
            "watchdog": []
          },
          "sensitive_attributes": [
            [
              {
                "type": "get_attr",
                "value": "initialization"
              },
              {
                "type": "index",
                "value": {
                  "value": 0,
                  "type": "number"
                }
              },
              {
                "type": "get_attr",
                "value": "user_account"
              },
              {
                "type": "index",
                "value": {
                  "value": 0,
                  "type": "number"
                }
              },
              {
                "type": "get_attr",
                "value": "password"
              }
            ]
          ],
          "private": "bnVsbA==",
          "dependencies": [
            "module.k8s_cluster.data.proxmox_virtual_environment_vms.templates"
          ],
          "create_before_destroy": true
        },
        {
          "index_key": "worker-2",
          "schema_version": 0,
          "attributes": {
            "acpi": true,
            "agent": [
              {
                "enabled": false,
                "timeout": "15m",
                "trim": false,
                "type": "virtio"
              }
            ],
            "audio_device": [],
            "bios": "seabios",
            "boot_order": null,
            "cdrom": [],
            "clone": [
              {
                "datastore_id": "",
                "full": true,
                "node_name": "",
                "retries": 3,
                "vm_id": 100
              }
            ],
            "cpu": [
              {
                "affinity": "",
                "architecture": "",
                "cores": 16,
                "flags": [],
                "hotplugged": 0,
                "limit": 0,
                "numa": false,
                "sockets": 1,
                "type": "qemu64",
                "units": 1024
              }
            ],
            "description": null,
            "disk": [
              {
                "aio": "io_uring",
                "backup": true,
                "cache": "none",
                "datastore_id": "ssd",
                "discard": "on",
                "file_format": "raw",
                "file_id": "",
                "interface": "scsi0",
                "iothread": false,
                "path_in_datastore": "vm-302-disk-2",
                "replicate": true,
                "serial": "",
                "size": 200,
                "speed": [],
                "ssd": false
              }
            ],
            "efi_disk": [],
            "hook_script_file_id": null,
            "hostpci": [],
            "id": "302",
            "initialization": [
              {
                "datastore_id": "local-lvm",
                "dns": [
                  {
                    "domain": "",
                    "servers": [
                      "8.8.8.8",
                      "8.8.4.4"
                    ]
                  }
                ],
                "interface": "ide2",
                "ip_config": [
                  {
                    "ipv4": [
                      {
                        "address": "192.168.1.222/24",
                        "gateway": "192.168.1.254"
                      }
                    ],
                    "ipv6": []
                  }
                ],
                "meta_data_file_id": "",
                "network_data_file_id": "",
                "type": "",
                "user_account": [
                  {
                    "keys": [
                      "ssh-ed25519 AAAAC3NzaC1lZDI1NTE5AAAAIO3sOFB9wGEcOgNO5BfxF35Sh+EAOxWTZjx//DK4XHAx jon@blocknative.com"
                    ],
                    "password": "**********",
                    "username": "ubuntu"
                  }
                ],
                "user_data_file_id": "",
                "vendor_data_file_id": "local:snippets/vendor-data.yaml"
              }
            ],
            "ipv4_addresses": [],
            "ipv6_addresses": [],
            "keyboard_layout": "en-us",
            "kvm_arguments": null,
            "mac_addresses": [
              "BC:24:11:03:04:0B"
            ],
            "machine": null,
            "memory": [
              {
                "dedicated": 32768,
                "floating": 0,
                "hugepages": "",
                "keep_hugepages": false,
                "shared": 0
              }
            ],
            "migrate": false,
            "name": "worker-2",
            "network_device": [
              {
                "bridge": "vmbr0",
                "disconnected": false,
                "enabled": true,
                "firewall": false,
                "mac_address": "BC:24:11:03:04:0B",
                "model": "virtio",
                "mtu": 0,
                "queues": 0,
                "rate_limit": 0,
                "trunks": "",
                "vlan_id": 0
              }
            ],
            "network_interface_names": [],
            "node_name": "pve",
            "numa": [],
            "on_boot": true,
            "operating_system": [],
            "pool_id": "k8s",
            "protection": false,
            "reboot": false,
            "reboot_after_update": true,
            "rng": [],
            "scsi_hardware": "virtio-scsi-pci",
            "serial_device": [],
            "smbios": [],
            "started": true,
            "startup": [],
            "stop_on_destroy": false,
            "tablet_device": true,
            "tags": null,
            "template": false,
            "timeout_clone": 1800,
            "timeout_create": 1800,
            "timeout_migrate": 1800,
            "timeout_move_disk": 1800,
            "timeout_reboot": 1800,
            "timeout_shutdown_vm": 1800,
            "timeout_start_vm": 1800,
            "timeout_stop_vm": 300,
            "tpm_state": [],
            "usb": [],
            "vga": [],
            "virtiofs": [],
            "vm_id": 302,
            "watchdog": []
          },
          "sensitive_attributes": [
            [
              {
                "type": "get_attr",
                "value": "initialization"
              },
              {
                "type": "index",
                "value": {
                  "value": 0,
                  "type": "number"
                }
              },
              {
                "type": "get_attr",
                "value": "user_account"
              },
              {
                "type": "index",
                "value": {
                  "value": 0,
                  "type": "number"
                }
              },
              {
                "type": "get_attr",
                "value": "password"
              }
            ]
          ],
          "private": "bnVsbA==",
          "dependencies": [
            "module.k8s_cluster.data.proxmox_virtual_environment_vms.templates"
          ],
          "create_before_destroy": true
        },
        {
          "index_key": "worker-3",
          "schema_version": 0,
          "attributes": {
            "acpi": true,
            "agent": [
              {
                "enabled": false,
                "timeout": "15m",
                "trim": false,
                "type": "virtio"
              }
            ],
            "audio_device": [],
            "bios": "seabios",
            "boot_order": null,
            "cdrom": [],
            "clone": [
              {
                "datastore_id": "",
                "full": true,
                "node_name": "",
                "retries": 3,
                "vm_id": 100
              }
            ],
            "cpu": [
              {
                "affinity": "",
                "architecture": "",
                "cores": 16,
                "flags": [],
                "hotplugged": 0,
                "limit": 0,
                "numa": false,
                "sockets": 1,
                "type": "qemu64",
                "units": 1024
              }
            ],
            "description": null,
            "disk": [
              {
                "aio": "io_uring",
                "backup": true,
                "cache": "none",
                "datastore_id": "ssd",
                "discard": "on",
                "file_format": "raw",
                "file_id": "",
                "interface": "scsi0",
                "iothread": false,
                "path_in_datastore": "vm-303-disk-2",
                "replicate": true,
                "serial": "",
                "size": 200,
                "speed": [],
                "ssd": false
              }
            ],
            "efi_disk": [],
            "hook_script_file_id": null,
            "hostpci": [],
            "id": "303",
            "initialization": [
              {
                "datastore_id": "local-lvm",
                "dns": [
                  {
                    "domain": "",
                    "servers": [
                      "8.8.8.8",
                      "8.8.4.4"
                    ]
                  }
                ],
                "interface": "ide2",
                "ip_config": [
                  {
                    "ipv4": [
                      {
                        "address": "dhcp",
                        "gateway": ""
                      }
                    ],
                    "ipv6": []
                  }
                ],
                "meta_data_file_id": "",
                "network_data_file_id": "",
                "type": "",
                "user_account": [
                  {
                    "keys": [
                      "ssh-ed25519 AAAAC3NzaC1lZDI1NTE5AAAAIO3sOFB9wGEcOgNO5BfxF35Sh+EAOxWTZjx//DK4XHAx jon@blocknative.com"
                    ],
                    "password": "**********",
                    "username": "ubuntu"
                  }
                ],
                "user_data_file_id": "",
                "vendor_data_file_id": "local:snippets/vendor-data.yaml"
              }
            ],
            "ipv4_addresses": [],
            "ipv6_addresses": [],
            "keyboard_layout": "en-us",
            "kvm_arguments": null,
            "mac_addresses": [
              "BC:24:11:75:21:40"
            ],
            "machine": null,
            "memory": [
              {
                "dedicated": 32768,
                "floating": 0,
                "hugepages": "",
                "keep_hugepages": false,
                "shared": 0
              }
            ],
            "migrate": false,
            "name": "worker-3",
            "network_device": [
              {
                "bridge": "vmbr0",
                "disconnected": false,
                "enabled": true,
                "firewall": false,
                "mac_address": "BC:24:11:75:21:40",
                "model": "virtio",
                "mtu": 0,
                "queues": 0,
                "rate_limit": 0,
                "trunks": "",
                "vlan_id": 0
              }
            ],
            "network_interface_names": [],
            "node_name": "pve",
            "numa": [],
            "on_boot": true,
            "operating_system": [],
            "pool_id": "k8s",
            "protection": false,
            "reboot": false,
            "reboot_after_update": true,
            "rng": [],
            "scsi_hardware": "virtio-scsi-pci",
            "serial_device": [],
            "smbios": [],
            "started": true,
            "startup": [],
            "stop_on_destroy": false,
            "tablet_device": true,
            "tags": null,
            "template": false,
            "timeout_clone": 1800,
            "timeout_create": 1800,
            "timeout_migrate": 1800,
            "timeout_move_disk": 1800,
            "timeout_reboot": 1800,
            "timeout_shutdown_vm": 1800,
            "timeout_start_vm": 1800,
            "timeout_stop_vm": 300,
            "tpm_state": [],
            "usb": [],
            "vga": [],
            "virtiofs": [],
            "vm_id": 303,
            "watchdog": []
          },
          "sensitive_attributes": [
            [
              {
                "type": "get_attr",
                "value": "initialization"
              },
              {
                "type": "index",
                "value": {
                  "value": 0,
                  "type": "number"
                }
              },
              {
                "type": "get_attr",
                "value": "user_account"
              },
              {
                "type": "index",
                "value": {
                  "value": 0,
                  "type": "number"
                }
              },
              {
                "type": "get_attr",
                "value": "password"
              }
            ]
          ],
          "private": "bnVsbA==",
          "dependencies": [
            "module.k8s_cluster.data.proxmox_virtual_environment_vms.templates"
          ],
          "create_before_destroy": true
        },
        {
          "index_key": "worker-4",
          "schema_version": 0,
          "attributes": {
            "acpi": true,
            "agent": [
              {
                "enabled": false,
                "timeout": "15m",
                "trim": false,
                "type": "virtio"
              }
            ],
            "audio_device": [],
            "bios": "seabios",
            "boot_order": null,
            "cdrom": [],
            "clone": [
              {
                "datastore_id": "",
                "full": true,
                "node_name": "",
                "retries": 3,
                "vm_id": 100
              }
            ],
            "cpu": [
              {
                "affinity": "",
                "architecture": "",
                "cores": 16,
                "flags": [],
                "hotplugged": 0,
                "limit": 0,
                "numa": false,
                "sockets": 1,
                "type": "qemu64",
                "units": 1024
              }
            ],
            "description": null,
            "disk": [
              {
                "aio": "io_uring",
                "backup": true,
                "cache": "none",
                "datastore_id": "ssd",
                "discard": "on",
                "file_format": "raw",
                "file_id": "",
                "interface": "scsi0",
                "iothread": false,
                "path_in_datastore": "vm-304-disk-2",
                "replicate": true,
                "serial": "",
                "size": 200,
                "speed": [],
                "ssd": false
              }
            ],
            "efi_disk": [],
            "hook_script_file_id": null,
            "hostpci": [],
            "id": "304",
            "initialization": [
              {
                "datastore_id": "local-lvm",
                "dns": [
                  {
                    "domain": "",
                    "servers": [
                      "8.8.8.8",
                      "8.8.4.4"
                    ]
                  }
                ],
                "interface": "ide2",
                "ip_config": [
                  {
                    "ipv4": [
                      {
                        "address": "dhcp",
                        "gateway": ""
                      }
                    ],
                    "ipv6": []
                  }
                ],
                "meta_data_file_id": "",
                "network_data_file_id": "",
                "type": "",
                "user_account": [
                  {
                    "keys": [
                      "ssh-ed25519 AAAAC3NzaC1lZDI1NTE5AAAAIO3sOFB9wGEcOgNO5BfxF35Sh+EAOxWTZjx//DK4XHAx jon@blocknative.com"
                    ],
                    "password": "**********",
                    "username": "ubuntu"
                  }
                ],
                "user_data_file_id": "",
                "vendor_data_file_id": "local:snippets/vendor-data.yaml"
              }
            ],
            "ipv4_addresses": [],
            "ipv6_addresses": [],
            "keyboard_layout": "en-us",
            "kvm_arguments": null,
            "mac_addresses": [
              "BC:24:11:0E:D8:A3"
            ],
            "machine": null,
            "memory": [
              {
                "dedicated": 32768,
                "floating": 0,
                "hugepages": "",
                "keep_hugepages": false,
                "shared": 0
              }
            ],
            "migrate": false,
            "name": "worker-4",
            "network_device": [
              {
                "bridge": "vmbr0",
                "disconnected": false,
                "enabled": true,
                "firewall": false,
                "mac_address": "BC:24:11:0E:D8:A3",
                "model": "virtio",
                "mtu": 0,
                "queues": 0,
                "rate_limit": 0,
                "trunks": "",
                "vlan_id": 0
              }
            ],
            "network_interface_names": [],
            "node_name": "pve",
            "numa": [],
            "on_boot": true,
            "operating_system": [],
            "pool_id": "k8s",
            "protection": false,
            "reboot": false,
            "reboot_after_update": true,
            "rng": [],
            "scsi_hardware": "virtio-scsi-pci",
            "serial_device": [],
            "smbios": [],
            "started": true,
            "startup": [],
            "stop_on_destroy": false,
            "tablet_device": true,
            "tags": null,
            "template": false,
            "timeout_clone": 1800,
            "timeout_create": 1800,
            "timeout_migrate": 1800,
            "timeout_move_disk": 1800,
            "timeout_reboot": 1800,
            "timeout_shutdown_vm": 1800,
            "timeout_start_vm": 1800,
            "timeout_stop_vm": 300,
            "tpm_state": [],
            "usb": [],
            "vga": [],
            "virtiofs": [],
            "vm_id": 304,
            "watchdog": []
          },
          "sensitive_attributes": [
            [
              {
                "type": "get_attr",
                "value": "initialization"
              },
              {
                "type": "index",
                "value": {
                  "value": 0,
                  "type": "number"
                }
              },
              {
                "type": "get_attr",
                "value": "user_account"
              },
              {
                "type": "index",
                "value": {
                  "value": 0,
                  "type": "number"
                }
              },
              {
                "type": "get_attr",
                "value": "password"
              }
            ]
          ],
          "private": "bnVsbA==",
          "dependencies": [
            "module.k8s_cluster.data.proxmox_virtual_environment_vms.templates"
          ],
          "create_before_destroy": true
        }
      ]
    },
    {
      "module": "module.k8s_cluster",
      "mode": "managed",
      "type": "random_string",
      "name": "rke2_token",
      "provider": "provider[\"registry.terraform.io/hashicorp/random\"]",
      "instances": [
        {
          "index_key": 0,
          "schema_version": 2,
          "attributes": {
            "id": "VHUUObGKojVnfILhs2cWHbLQ6zhaVMJ3cUe7qHZczApoMX0Qdyd3ZwAwCCaBmR3S",
            "keepers": null,
            "length": 64,
            "lower": true,
            "min_lower": 0,
            "min_numeric": 0,
            "min_special": 0,
            "min_upper": 0,
            "number": true,
            "numeric": true,
            "override_special": null,
            "result": "VHUUObGKojVnfILhs2cWHbLQ6zhaVMJ3cUe7qHZczApoMX0Qdyd3ZwAwCCaBmR3S",
            "special": false,
            "upper": true
          },
          "sensitive_attributes": []
        }
      ]
    }
  ],
  "check_results": null
}
